// !$*UTF8*$!
{
	archiveVersion = 1;
	classes = {
	};
	objectVersion = 56;
	objects = {

/* Begin PBXBuildFile section */
		CA086F4B2C27340200F59DE2 /* FullImageView.swift in Sources */ = {isa = PBXBuildFile; fileRef = CA086F4A2C27340100F59DE2 /* FullImageView.swift */; };
		CA1258992D305860000D7B47 /* DisplayManager.swift in Sources */ = {isa = PBXBuildFile; fileRef = CA1258982D305860000D7B47 /* DisplayManager.swift */; };
		CA2A5B5E2D3037310009002E /* HomepageView.swift in Sources */ = {isa = PBXBuildFile; fileRef = CA2A5B5D2D3037310009002E /* HomepageView.swift */; };
		CA34CD312C1E04AA00B4BBD5 /* DataGrid.swift in Sources */ = {isa = PBXBuildFile; fileRef = CA34CD302C1E04AA00B4BBD5 /* DataGrid.swift */; };
		CA34CD332C1E075A00B4BBD5 /* DataCard.swift in Sources */ = {isa = PBXBuildFile; fileRef = CA34CD322C1E075A00B4BBD5 /* DataCard.swift */; };
		CA36A5B42D47A95300A44C47 /* LocationManager.swift in Sources */ = {isa = PBXBuildFile; fileRef = CA36A5B32D47A95300A44C47 /* LocationManager.swift */; };
		CA3FC0D42CB98A2E0086E5D9 /* SDWebImageSwiftUI in Frameworks */ = {isa = PBXBuildFile; productRef = CA3FC0D32CB98A2E0086E5D9 /* SDWebImageSwiftUI */; };
		CA3FC0D62CBAEDC60086E5D9 /* TeaGardenInfoBar.swift in Sources */ = {isa = PBXBuildFile; fileRef = CA3FC0D52CBAEDC60086E5D9 /* TeaGardenInfoBar.swift */; };
		CA40967F2C247F1600CC4AAD /* AreaListView.swift in Sources */ = {isa = PBXBuildFile; fileRef = CA40967E2C247F1600CC4AAD /* AreaListView.swift */; };
		CA448A112C202F4A0065EFE1 /* TeaService.swift in Sources */ = {isa = PBXBuildFile; fileRef = CA448A102C202F4A0065EFE1 /* TeaService.swift */; };
		CA448A142C2033140065EFE1 /* TeaModel.swift in Sources */ = {isa = PBXBuildFile; fileRef = CA448A132C2033140065EFE1 /* TeaModel.swift */; };
		CA4AC5CC2C218FCC0096D81B /* AnalysisView.swift in Sources */ = {isa = PBXBuildFile; fileRef = CA4AC5CB2C218FCC0096D81B /* AnalysisView.swift */; };
		CA5C42612CD67E2500F847A7 /* Config.swift in Sources */ = {isa = PBXBuildFile; fileRef = CA5C42602CD67E2500F847A7 /* Config.swift */; };
		CA68792B2C1DDD38007866DA /* TeaGrowthTrackerApp.swift in Sources */ = {isa = PBXBuildFile; fileRef = CA68792A2C1DDD38007866DA /* TeaGrowthTrackerApp.swift */; };
		CA68792D2C1DDD38007866DA /* ContentView.swift in Sources */ = {isa = PBXBuildFile; fileRef = CA68792C2C1DDD38007866DA /* ContentView.swift */; };
		CA68792F2C1DDD3B007866DA /* Assets.xcassets in Resources */ = {isa = PBXBuildFile; fileRef = CA68792E2C1DDD3B007866DA /* Assets.xcassets */; };
		CA6879322C1DDD3B007866DA /* Preview Assets.xcassets in Resources */ = {isa = PBXBuildFile; fileRef = CA6879312C1DDD3B007866DA /* Preview Assets.xcassets */; };
		CA8BCFBD2CAA6990002F0119 /* LaunchScreen.storyboard in Resources */ = {isa = PBXBuildFile; fileRef = CA8BCFBC2CAA6990002F0119 /* LaunchScreen.storyboard */; };
		CA8F06F22D2E9E0F006449FB /* TeaDiseaseHistoryCardRepresentable.swift in Sources */ = {isa = PBXBuildFile; fileRef = CA8F06F12D2E9E0F006449FB /* TeaDiseaseHistoryCardRepresentable.swift */; };
		CA918F012D48EF8100D62FBE /* TeaDiseaseMapView.swift in Sources */ = {isa = PBXBuildFile; fileRef = CA918F002D48EF8100D62FBE /* TeaDiseaseMapView.swift */; };
		CAA9305C2C1EFFFA005BF058 /* RecentAnalysisPreview.swift in Sources */ = {isa = PBXBuildFile; fileRef = CAA9305B2C1EFFFA005BF058 /* RecentAnalysisPreview.swift */; };
		CAB944EB2D2D6E1200948B6A /* TeaDiseaseHistoryCardViewController.swift in Sources */ = {isa = PBXBuildFile; fileRef = CAB944EA2D2D6E1200948B6A /* TeaDiseaseHistoryCardViewController.swift */; };
		CABA9EE62CA94D6200773F59 /* TeaLeafAnalysisView.swift in Sources */ = {isa = PBXBuildFile; fileRef = CABA9EE52CA94D6200773F59 /* TeaLeafAnalysisView.swift */; };
		CABA9EE82CA94D7F00773F59 /* ActionButton.swift in Sources */ = {isa = PBXBuildFile; fileRef = CABA9EE72CA94D7F00773F59 /* ActionButton.swift */; };
		CABA9EEA2CA94DD700773F59 /* TeaLeafInfoRow.swift in Sources */ = {isa = PBXBuildFile; fileRef = CABA9EE92CA94DD700773F59 /* TeaLeafInfoRow.swift */; };
		CABA9EEC2CA94DEA00773F59 /* UserTeaImage.swift in Sources */ = {isa = PBXBuildFile; fileRef = CABA9EEB2CA94DEA00773F59 /* UserTeaImage.swift */; };
		CABA9EEE2CA94E4200773F59 /* LoadingPlaceholder.swift in Sources */ = {isa = PBXBuildFile; fileRef = CABA9EED2CA94E4200773F59 /* LoadingPlaceholder.swift */; };
		CABA9EF02CA94E5600773F59 /* PhotoSelectionButton.swift in Sources */ = {isa = PBXBuildFile; fileRef = CABA9EEF2CA94E5600773F59 /* PhotoSelectionButton.swift */; };
		CABA9EF22CA94E8700773F59 /* CameraView.swift in Sources */ = {isa = PBXBuildFile; fileRef = CABA9EF12CA94E8700773F59 /* CameraView.swift */; };
		CABA9EF42CA9504A00773F59 /* TeaDiseaseClassifier.mlpackage in Sources */ = {isa = PBXBuildFile; fileRef = CABA9EF32CA9504A00773F59 /* TeaDiseaseClassifier.mlpackage */; };
		CABA9EF62CA9712A00773F59 /* FullScreenButton.swift in Sources */ = {isa = PBXBuildFile; fileRef = CABA9EF52CA9712A00773F59 /* FullScreenButton.swift */; };
		CABA9EFA2CAA5A3800773F59 /* LoadingView.swift in Sources */ = {isa = PBXBuildFile; fileRef = CABA9EF92CAA5A3800773F59 /* LoadingView.swift */; };
		CAD64C672CB0769A00DEF8D1 /* ActionLoadingView.swift in Sources */ = {isa = PBXBuildFile; fileRef = CAD64C662CB0769A00DEF8D1 /* ActionLoadingView.swift */; };
		CAD64C6B2CB2A07E00DEF8D1 /* TeaDiseaseModel.swift in Sources */ = {isa = PBXBuildFile; fileRef = CAD64C6A2CB2A07E00DEF8D1 /* TeaDiseaseModel.swift */; };
		CAD64C6D2CB2A75900DEF8D1 /* TeaDiseaseHistoryView.swift in Sources */ = {isa = PBXBuildFile; fileRef = CAD64C6C2CB2A75900DEF8D1 /* TeaDiseaseHistoryView.swift */; };
		CAD64C6F2CB3A24500DEF8D1 /* TeaDiseaseHistoryCardPlaceholder.swift in Sources */ = {isa = PBXBuildFile; fileRef = CAD64C6E2CB3A24500DEF8D1 /* TeaDiseaseHistoryCardPlaceholder.swift */; };
		CAD64C742CB932F200DEF8D1 /* HistoryLimitManager.swift in Sources */ = {isa = PBXBuildFile; fileRef = CAD64C732CB932F200DEF8D1 /* HistoryLimitManager.swift */; };
		CADAF5CA2C283E2300A2E12A /* TeaGardenSelectorView.swift in Sources */ = {isa = PBXBuildFile; fileRef = CADAF5C92C283E2300A2E12A /* TeaGardenSelectorView.swift */; };
		CADAF5CC2C2842C300A2E12A /* TeaGardenToggle.swift in Sources */ = {isa = PBXBuildFile; fileRef = CADAF5CB2C2842C300A2E12A /* TeaGardenToggle.swift */; };
		CAE6A1E22C21D984006A64A9 /* AnalysisImage.swift in Sources */ = {isa = PBXBuildFile; fileRef = CAE6A1E12C21D984006A64A9 /* AnalysisImage.swift */; };
/* End PBXBuildFile section */

/* Begin PBXFileReference section */
		CA086F4A2C27340100F59DE2 /* FullImageView.swift */ = {isa = PBXFileReference; lastKnownFileType = sourcecode.swift; path = FullImageView.swift; sourceTree = "<group>"; };
		CA1258982D305860000D7B47 /* DisplayManager.swift */ = {isa = PBXFileReference; lastKnownFileType = sourcecode.swift; path = DisplayManager.swift; sourceTree = "<group>"; };
		CA2A5B5D2D3037310009002E /* HomepageView.swift */ = {isa = PBXFileReference; lastKnownFileType = sourcecode.swift; path = HomepageView.swift; sourceTree = "<group>"; };
		CA34CD302C1E04AA00B4BBD5 /* DataGrid.swift */ = {isa = PBXFileReference; lastKnownFileType = sourcecode.swift; path = DataGrid.swift; sourceTree = "<group>"; };
		CA34CD322C1E075A00B4BBD5 /* DataCard.swift */ = {isa = PBXFileReference; lastKnownFileType = sourcecode.swift; path = DataCard.swift; sourceTree = "<group>"; };
		CA36A5B32D47A95300A44C47 /* LocationManager.swift */ = {isa = PBXFileReference; lastKnownFileType = sourcecode.swift; path = LocationManager.swift; sourceTree = "<group>"; };
		CA3FC0D52CBAEDC60086E5D9 /* TeaGardenInfoBar.swift */ = {isa = PBXFileReference; lastKnownFileType = sourcecode.swift; path = TeaGardenInfoBar.swift; sourceTree = "<group>"; };
		CA40967E2C247F1600CC4AAD /* AreaListView.swift */ = {isa = PBXFileReference; lastKnownFileType = sourcecode.swift; path = AreaListView.swift; sourceTree = "<group>"; };
		CA448A102C202F4A0065EFE1 /* TeaService.swift */ = {isa = PBXFileReference; lastKnownFileType = sourcecode.swift; path = TeaService.swift; sourceTree = "<group>"; };
		CA448A132C2033140065EFE1 /* TeaModel.swift */ = {isa = PBXFileReference; lastKnownFileType = sourcecode.swift; path = TeaModel.swift; sourceTree = "<group>"; };
		CA4AC5CB2C218FCC0096D81B /* AnalysisView.swift */ = {isa = PBXFileReference; lastKnownFileType = sourcecode.swift; path = AnalysisView.swift; sourceTree = "<group>"; };
		CA5C42602CD67E2500F847A7 /* Config.swift */ = {isa = PBXFileReference; lastKnownFileType = sourcecode.swift; path = Config.swift; sourceTree = "<group>"; };
		CA6879272C1DDD38007866DA /* TeaGrowthTracker.app */ = {isa = PBXFileReference; explicitFileType = wrapper.application; includeInIndex = 0; path = TeaGrowthTracker.app; sourceTree = BUILT_PRODUCTS_DIR; };
		CA68792A2C1DDD38007866DA /* TeaGrowthTrackerApp.swift */ = {isa = PBXFileReference; lastKnownFileType = sourcecode.swift; path = TeaGrowthTrackerApp.swift; sourceTree = "<group>"; };
		CA68792C2C1DDD38007866DA /* ContentView.swift */ = {isa = PBXFileReference; lastKnownFileType = sourcecode.swift; path = ContentView.swift; sourceTree = "<group>"; };
		CA68792E2C1DDD3B007866DA /* Assets.xcassets */ = {isa = PBXFileReference; lastKnownFileType = folder.assetcatalog; path = Assets.xcassets; sourceTree = "<group>"; };
		CA6879312C1DDD3B007866DA /* Preview Assets.xcassets */ = {isa = PBXFileReference; lastKnownFileType = folder.assetcatalog; path = "Preview Assets.xcassets"; sourceTree = "<group>"; };
		CA8BCFBC2CAA6990002F0119 /* LaunchScreen.storyboard */ = {isa = PBXFileReference; lastKnownFileType = file.storyboard; path = LaunchScreen.storyboard; sourceTree = "<group>"; };
		CA8F06F12D2E9E0F006449FB /* TeaDiseaseHistoryCardRepresentable.swift */ = {isa = PBXFileReference; lastKnownFileType = sourcecode.swift; path = TeaDiseaseHistoryCardRepresentable.swift; sourceTree = "<group>"; };
		CA918F002D48EF8100D62FBE /* TeaDiseaseMapView.swift */ = {isa = PBXFileReference; lastKnownFileType = sourcecode.swift; path = TeaDiseaseMapView.swift; sourceTree = "<group>"; };
		CAA9305B2C1EFFFA005BF058 /* RecentAnalysisPreview.swift */ = {isa = PBXFileReference; lastKnownFileType = sourcecode.swift; path = RecentAnalysisPreview.swift; sourceTree = "<group>"; };
		CAB944EA2D2D6E1200948B6A /* TeaDiseaseHistoryCardViewController.swift */ = {isa = PBXFileReference; lastKnownFileType = sourcecode.swift; path = TeaDiseaseHistoryCardViewController.swift; sourceTree = "<group>"; };
		CABA9EE52CA94D6200773F59 /* TeaLeafAnalysisView.swift */ = {isa = PBXFileReference; lastKnownFileType = sourcecode.swift; path = TeaLeafAnalysisView.swift; sourceTree = "<group>"; };
		CABA9EE72CA94D7F00773F59 /* ActionButton.swift */ = {isa = PBXFileReference; lastKnownFileType = sourcecode.swift; path = ActionButton.swift; sourceTree = "<group>"; };
		CABA9EE92CA94DD700773F59 /* TeaLeafInfoRow.swift */ = {isa = PBXFileReference; lastKnownFileType = sourcecode.swift; path = TeaLeafInfoRow.swift; sourceTree = "<group>"; };
		CABA9EEB2CA94DEA00773F59 /* UserTeaImage.swift */ = {isa = PBXFileReference; lastKnownFileType = sourcecode.swift; path = UserTeaImage.swift; sourceTree = "<group>"; };
		CABA9EED2CA94E4200773F59 /* LoadingPlaceholder.swift */ = {isa = PBXFileReference; lastKnownFileType = sourcecode.swift; path = LoadingPlaceholder.swift; sourceTree = "<group>"; };
		CABA9EEF2CA94E5600773F59 /* PhotoSelectionButton.swift */ = {isa = PBXFileReference; lastKnownFileType = sourcecode.swift; path = PhotoSelectionButton.swift; sourceTree = "<group>"; };
		CABA9EF12CA94E8700773F59 /* CameraView.swift */ = {isa = PBXFileReference; lastKnownFileType = sourcecode.swift; path = CameraView.swift; sourceTree = "<group>"; };
		CABA9EF32CA9504A00773F59 /* TeaDiseaseClassifier.mlpackage */ = {isa = PBXFileReference; lastKnownFileType = folder.mlpackage; path = TeaDiseaseClassifier.mlpackage; sourceTree = "<group>"; };
		CABA9EF52CA9712A00773F59 /* FullScreenButton.swift */ = {isa = PBXFileReference; lastKnownFileType = sourcecode.swift; path = FullScreenButton.swift; sourceTree = "<group>"; };
		CABA9EF92CAA5A3800773F59 /* LoadingView.swift */ = {isa = PBXFileReference; lastKnownFileType = sourcecode.swift; path = LoadingView.swift; sourceTree = "<group>"; };
		CAD64C662CB0769A00DEF8D1 /* ActionLoadingView.swift */ = {isa = PBXFileReference; lastKnownFileType = sourcecode.swift; path = ActionLoadingView.swift; sourceTree = "<group>"; };
		CAD64C6A2CB2A07E00DEF8D1 /* TeaDiseaseModel.swift */ = {isa = PBXFileReference; lastKnownFileType = sourcecode.swift; path = TeaDiseaseModel.swift; sourceTree = "<group>"; };
		CAD64C6C2CB2A75900DEF8D1 /* TeaDiseaseHistoryView.swift */ = {isa = PBXFileReference; lastKnownFileType = sourcecode.swift; path = TeaDiseaseHistoryView.swift; sourceTree = "<group>"; };
		CAD64C6E2CB3A24500DEF8D1 /* TeaDiseaseHistoryCardPlaceholder.swift */ = {isa = PBXFileReference; lastKnownFileType = sourcecode.swift; path = TeaDiseaseHistoryCardPlaceholder.swift; sourceTree = "<group>"; };
		CAD64C732CB932F200DEF8D1 /* HistoryLimitManager.swift */ = {isa = PBXFileReference; lastKnownFileType = sourcecode.swift; path = HistoryLimitManager.swift; sourceTree = "<group>"; };
		CADAF5C92C283E2300A2E12A /* TeaGardenSelectorView.swift */ = {isa = PBXFileReference; lastKnownFileType = sourcecode.swift; path = TeaGardenSelectorView.swift; sourceTree = "<group>"; };
		CADAF5CB2C2842C300A2E12A /* TeaGardenToggle.swift */ = {isa = PBXFileReference; lastKnownFileType = sourcecode.swift; path = TeaGardenToggle.swift; sourceTree = "<group>"; };
		CAE6A1E12C21D984006A64A9 /* AnalysisImage.swift */ = {isa = PBXFileReference; lastKnownFileType = sourcecode.swift; path = AnalysisImage.swift; sourceTree = "<group>"; };
/* End PBXFileReference section */

/* Begin PBXFrameworksBuildPhase section */
		CA6879242C1DDD38007866DA /* Frameworks */ = {
			isa = PBXFrameworksBuildPhase;
			buildActionMask = 2147483647;
			files = (
				CA3FC0D42CB98A2E0086E5D9 /* SDWebImageSwiftUI in Frameworks */,
			);
			runOnlyForDeploymentPostprocessing = 0;
		};
/* End PBXFrameworksBuildPhase section */

/* Begin PBXGroup section */
		CA2A5B5C2D3014F60009002E /* UIKitRepresentables */ = {
			isa = PBXGroup;
			children = (
				CA8F06F12D2E9E0F006449FB /* TeaDiseaseHistoryCardRepresentable.swift */,
			);
			path = UIKitRepresentables;
			sourceTree = "<group>";
		};
		CA448A0F2C202F220065EFE1 /* Services */ = {
			isa = PBXGroup;
			children = (
				CA448A102C202F4A0065EFE1 /* TeaService.swift */,
			);
			path = Services;
			sourceTree = "<group>";
		};
		CA448A122C20329D0065EFE1 /* Models */ = {
			isa = PBXGroup;
			children = (
				CA448A132C2033140065EFE1 /* TeaModel.swift */,
				CAD64C6A2CB2A07E00DEF8D1 /* TeaDiseaseModel.swift */,
			);
			path = Models;
			sourceTree = "<group>";
		};
		CA5C425F2CD67E0F00F847A7 /* Config */ = {
			isa = PBXGroup;
			children = (
				CA5C42602CD67E2500F847A7 /* Config.swift */,
			);
			path = Config;
			sourceTree = "<group>";
		};
		CA68791E2C1DDD38007866DA = {
			isa = PBXGroup;
			children = (
				CA6879292C1DDD38007866DA /* TeaGrowthTracker */,
				CA6879282C1DDD38007866DA /* Products */,
			);
			sourceTree = "<group>";
		};
		CA6879282C1DDD38007866DA /* Products */ = {
			isa = PBXGroup;
			children = (
				CA6879272C1DDD38007866DA /* TeaGrowthTracker.app */,
			);
			name = Products;
			sourceTree = "<group>";
		};
		CA6879292C1DDD38007866DA /* TeaGrowthTracker */ = {
			isa = PBXGroup;
			children = (
				CABA9EF32CA9504A00773F59 /* TeaDiseaseClassifier.mlpackage */,
				CA9D1C452C218C47004D6E18 /* Views */,
				CA448A122C20329D0065EFE1 /* Models */,
				CAD64C702CB9321B00DEF8D1 /* Managers */,
				CA448A0F2C202F220065EFE1 /* Services */,
				CA5C425F2CD67E0F00F847A7 /* Config */,
				CA2A5B5C2D3014F60009002E /* UIKitRepresentables */,
				CADEA8362C1EDC1A000C29EE /* Components */,
				CA68792A2C1DDD38007866DA /* TeaGrowthTrackerApp.swift */,
				CA68792C2C1DDD38007866DA /* ContentView.swift */,
				CA68792E2C1DDD3B007866DA /* Assets.xcassets */,
				CA6879302C1DDD3B007866DA /* Preview Content */,
				CA8BCFBC2CAA6990002F0119 /* LaunchScreen.storyboard */,
			);
			path = TeaGrowthTracker;
			sourceTree = "<group>";
		};
		CA6879302C1DDD3B007866DA /* Preview Content */ = {
			isa = PBXGroup;
			children = (
				CA6879312C1DDD3B007866DA /* Preview Assets.xcassets */,
			);
			path = "Preview Content";
			sourceTree = "<group>";
		};
		CA9D1C452C218C47004D6E18 /* Views */ = {
			isa = PBXGroup;
			children = (
				CA4AC5CB2C218FCC0096D81B /* AnalysisView.swift */,
				CA40967E2C247F1600CC4AAD /* AreaListView.swift */,
				CA086F4A2C27340100F59DE2 /* FullImageView.swift */,
				CADAF5C92C283E2300A2E12A /* TeaGardenSelectorView.swift */,
				CABA9EE52CA94D6200773F59 /* TeaLeafAnalysisView.swift */,
				CABA9EF12CA94E8700773F59 /* CameraView.swift */,
				CABA9EF92CAA5A3800773F59 /* LoadingView.swift */,
				CAD64C662CB0769A00DEF8D1 /* ActionLoadingView.swift */,
				CAD64C6C2CB2A75900DEF8D1 /* TeaDiseaseHistoryView.swift */,
				CA2A5B5D2D3037310009002E /* HomepageView.swift */,
				CA918F002D48EF8100D62FBE /* TeaDiseaseMapView.swift */,
			);
			path = Views;
			sourceTree = "<group>";
		};
		CAD64C702CB9321B00DEF8D1 /* Managers */ = {
			isa = PBXGroup;
			children = (
				CAD64C732CB932F200DEF8D1 /* HistoryLimitManager.swift */,
				CA1258982D305860000D7B47 /* DisplayManager.swift */,
				CA36A5B32D47A95300A44C47 /* LocationManager.swift */,
			);
			path = Managers;
			sourceTree = "<group>";
		};
		CADEA8362C1EDC1A000C29EE /* Components */ = {
			isa = PBXGroup;
			children = (
				CA34CD302C1E04AA00B4BBD5 /* DataGrid.swift */,
				CA34CD322C1E075A00B4BBD5 /* DataCard.swift */,
				CAA9305B2C1EFFFA005BF058 /* RecentAnalysisPreview.swift */,
				CAE6A1E12C21D984006A64A9 /* AnalysisImage.swift */,
				CADAF5CB2C2842C300A2E12A /* TeaGardenToggle.swift */,
				CABA9EE72CA94D7F00773F59 /* ActionButton.swift */,
				CABA9EE92CA94DD700773F59 /* TeaLeafInfoRow.swift */,
				CABA9EEB2CA94DEA00773F59 /* UserTeaImage.swift */,
				CABA9EED2CA94E4200773F59 /* LoadingPlaceholder.swift */,
				CABA9EEF2CA94E5600773F59 /* PhotoSelectionButton.swift */,
				CABA9EF52CA9712A00773F59 /* FullScreenButton.swift */,
				CAD64C6E2CB3A24500DEF8D1 /* TeaDiseaseHistoryCardPlaceholder.swift */,
				CA3FC0D52CBAEDC60086E5D9 /* TeaGardenInfoBar.swift */,
				CAB944EA2D2D6E1200948B6A /* TeaDiseaseHistoryCardViewController.swift */,
			);
			path = Components;
			sourceTree = "<group>";
		};
/* End PBXGroup section */

/* Begin PBXNativeTarget section */
		CA6879262C1DDD38007866DA /* TeaGrowthTracker */ = {
			isa = PBXNativeTarget;
			buildConfigurationList = CA6879352C1DDD3B007866DA /* Build configuration list for PBXNativeTarget "TeaGrowthTracker" */;
			buildPhases = (
				CA6879232C1DDD38007866DA /* Sources */,
				CA6879242C1DDD38007866DA /* Frameworks */,
				CA6879252C1DDD38007866DA /* Resources */,
			);
			buildRules = (
			);
			dependencies = (
			);
			name = TeaGrowthTracker;
			packageProductDependencies = (
				CA3FC0D32CB98A2E0086E5D9 /* SDWebImageSwiftUI */,
			);
			productName = TeaGrowthTracker;
			productReference = CA6879272C1DDD38007866DA /* TeaGrowthTracker.app */;
			productType = "com.apple.product-type.application";
		};
/* End PBXNativeTarget section */

/* Begin PBXProject section */
		CA68791F2C1DDD38007866DA /* Project object */ = {
			isa = PBXProject;
			attributes = {
				BuildIndependentTargetsInParallel = 1;
				LastSwiftUpdateCheck = 1530;
				LastUpgradeCheck = 1530;
				TargetAttributes = {
					CA6879262C1DDD38007866DA = {
						CreatedOnToolsVersion = 15.3;
					};
				};
			};
			buildConfigurationList = CA6879222C1DDD38007866DA /* Build configuration list for PBXProject "TeaGrowthTracker" */;
			compatibilityVersion = "Xcode 14.0";
			developmentRegion = en;
			hasScannedForEncodings = 0;
			knownRegions = (
				en,
				Base,
			);
			mainGroup = CA68791E2C1DDD38007866DA;
			packageReferences = (
				CA3FC0D22CB98A2E0086E5D9 /* XCRemoteSwiftPackageReference "SDWebImageSwiftUI" */,
			);
			productRefGroup = CA6879282C1DDD38007866DA /* Products */;
			projectDirPath = "";
			projectRoot = "";
			targets = (
				CA6879262C1DDD38007866DA /* TeaGrowthTracker */,
			);
		};
/* End PBXProject section */

/* Begin PBXResourcesBuildPhase section */
		CA6879252C1DDD38007866DA /* Resources */ = {
			isa = PBXResourcesBuildPhase;
			buildActionMask = 2147483647;
			files = (
				CA8BCFBD2CAA6990002F0119 /* LaunchScreen.storyboard in Resources */,
				CA6879322C1DDD3B007866DA /* Preview Assets.xcassets in Resources */,
				CA68792F2C1DDD3B007866DA /* Assets.xcassets in Resources */,
			);
			runOnlyForDeploymentPostprocessing = 0;
		};
/* End PBXResourcesBuildPhase section */

/* Begin PBXSourcesBuildPhase section */
		CA6879232C1DDD38007866DA /* Sources */ = {
			isa = PBXSourcesBuildPhase;
			buildActionMask = 2147483647;
			files = (
				CA448A112C202F4A0065EFE1 /* TeaService.swift in Sources */,
				CAD64C6F2CB3A24500DEF8D1 /* TeaDiseaseHistoryCardPlaceholder.swift in Sources */,
				CABA9EF02CA94E5600773F59 /* PhotoSelectionButton.swift in Sources */,
				CABA9EEA2CA94DD700773F59 /* TeaLeafInfoRow.swift in Sources */,
				CAD64C742CB932F200DEF8D1 /* HistoryLimitManager.swift in Sources */,
				CABA9EF22CA94E8700773F59 /* CameraView.swift in Sources */,
				CA40967F2C247F1600CC4AAD /* AreaListView.swift in Sources */,
				CA3FC0D62CBAEDC60086E5D9 /* TeaGardenInfoBar.swift in Sources */,
				CA36A5B42D47A95300A44C47 /* LocationManager.swift in Sources */,
				CABA9EFA2CAA5A3800773F59 /* LoadingView.swift in Sources */,
				CA2A5B5E2D3037310009002E /* HomepageView.swift in Sources */,
				CABA9EEC2CA94DEA00773F59 /* UserTeaImage.swift in Sources */,
				CABA9EF62CA9712A00773F59 /* FullScreenButton.swift in Sources */,
				CAB944EB2D2D6E1200948B6A /* TeaDiseaseHistoryCardViewController.swift in Sources */,
				CAD64C6B2CB2A07E00DEF8D1 /* TeaDiseaseModel.swift in Sources */,
				CA34CD312C1E04AA00B4BBD5 /* DataGrid.swift in Sources */,
				CAD64C672CB0769A00DEF8D1 /* ActionLoadingView.swift in Sources */,
				CABA9EE62CA94D6200773F59 /* TeaLeafAnalysisView.swift in Sources */,
				CABA9EEE2CA94E4200773F59 /* LoadingPlaceholder.swift in Sources */,
				CAA9305C2C1EFFFA005BF058 /* RecentAnalysisPreview.swift in Sources */,
				CA5C42612CD67E2500F847A7 /* Config.swift in Sources */,
				CADAF5CA2C283E2300A2E12A /* TeaGardenSelectorView.swift in Sources */,
				CABA9EF42CA9504A00773F59 /* TeaDiseaseClassifier.mlpackage in Sources */,
				CA086F4B2C27340200F59DE2 /* FullImageView.swift in Sources */,
				CADAF5CC2C2842C300A2E12A /* TeaGardenToggle.swift in Sources */,
				CA448A142C2033140065EFE1 /* TeaModel.swift in Sources */,
				CAD64C6D2CB2A75900DEF8D1 /* TeaDiseaseHistoryView.swift in Sources */,
				CA1258992D305860000D7B47 /* DisplayManager.swift in Sources */,
				CA8F06F22D2E9E0F006449FB /* TeaDiseaseHistoryCardRepresentable.swift in Sources */,
				CA4AC5CC2C218FCC0096D81B /* AnalysisView.swift in Sources */,
				CA68792D2C1DDD38007866DA /* ContentView.swift in Sources */,
				CA34CD332C1E075A00B4BBD5 /* DataCard.swift in Sources */,
				CA68792B2C1DDD38007866DA /* TeaGrowthTrackerApp.swift in Sources */,
				CAE6A1E22C21D984006A64A9 /* AnalysisImage.swift in Sources */,
				CABA9EE82CA94D7F00773F59 /* ActionButton.swift in Sources */,
				CA918F012D48EF8100D62FBE /* TeaDiseaseMapView.swift in Sources */,
			);
			runOnlyForDeploymentPostprocessing = 0;
		};
/* End PBXSourcesBuildPhase section */

/* Begin XCBuildConfiguration section */
		CA6879332C1DDD3B007866DA /* Debug */ = {
			isa = XCBuildConfiguration;
			buildSettings = {
				ALWAYS_SEARCH_USER_PATHS = NO;
				ASSETCATALOG_COMPILER_GENERATE_SWIFT_ASSET_SYMBOL_EXTENSIONS = YES;
				CLANG_ANALYZER_NONNULL = YES;
				CLANG_ANALYZER_NUMBER_OBJECT_CONVERSION = YES_AGGRESSIVE;
				CLANG_CXX_LANGUAGE_STANDARD = "gnu++20";
				CLANG_ENABLE_MODULES = YES;
				CLANG_ENABLE_OBJC_ARC = YES;
				CLANG_ENABLE_OBJC_WEAK = YES;
				CLANG_WARN_BLOCK_CAPTURE_AUTORELEASING = YES;
				CLANG_WARN_BOOL_CONVERSION = YES;
				CLANG_WARN_COMMA = YES;
				CLANG_WARN_CONSTANT_CONVERSION = YES;
				CLANG_WARN_DEPRECATED_OBJC_IMPLEMENTATIONS = YES;
				CLANG_WARN_DIRECT_OBJC_ISA_USAGE = YES_ERROR;
				CLANG_WARN_DOCUMENTATION_COMMENTS = YES;
				CLANG_WARN_EMPTY_BODY = YES;
				CLANG_WARN_ENUM_CONVERSION = YES;
				CLANG_WARN_INFINITE_RECURSION = YES;
				CLANG_WARN_INT_CONVERSION = YES;
				CLANG_WARN_NON_LITERAL_NULL_CONVERSION = YES;
				CLANG_WARN_OBJC_IMPLICIT_RETAIN_SELF = YES;
				CLANG_WARN_OBJC_LITERAL_CONVERSION = YES;
				CLANG_WARN_OBJC_ROOT_CLASS = YES_ERROR;
				CLANG_WARN_QUOTED_INCLUDE_IN_FRAMEWORK_HEADER = YES;
				CLANG_WARN_RANGE_LOOP_ANALYSIS = YES;
				CLANG_WARN_STRICT_PROTOTYPES = YES;
				CLANG_WARN_SUSPICIOUS_MOVE = YES;
				CLANG_WARN_UNGUARDED_AVAILABILITY = YES_AGGRESSIVE;
				CLANG_WARN_UNREACHABLE_CODE = YES;
				CLANG_WARN__DUPLICATE_METHOD_MATCH = YES;
				COPY_PHASE_STRIP = NO;
				DEBUG_INFORMATION_FORMAT = dwarf;
				ENABLE_STRICT_OBJC_MSGSEND = YES;
				ENABLE_TESTABILITY = YES;
				ENABLE_USER_SCRIPT_SANDBOXING = YES;
				GCC_C_LANGUAGE_STANDARD = gnu17;
				GCC_DYNAMIC_NO_PIC = NO;
				GCC_NO_COMMON_BLOCKS = YES;
				GCC_OPTIMIZATION_LEVEL = 0;
				GCC_PREPROCESSOR_DEFINITIONS = (
					"DEBUG=1",
					"$(inherited)",
				);
				GCC_WARN_64_TO_32_BIT_CONVERSION = YES;
				GCC_WARN_ABOUT_RETURN_TYPE = YES_ERROR;
				GCC_WARN_UNDECLARED_SELECTOR = YES;
				GCC_WARN_UNINITIALIZED_AUTOS = YES_AGGRESSIVE;
				GCC_WARN_UNUSED_FUNCTION = YES;
				GCC_WARN_UNUSED_VARIABLE = YES;
				IPHONEOS_DEPLOYMENT_TARGET = 16.0;
				LOCALIZATION_PREFERS_STRING_CATALOGS = YES;
				MTL_ENABLE_DEBUG_INFO = INCLUDE_SOURCE;
				MTL_FAST_MATH = YES;
				ONLY_ACTIVE_ARCH = YES;
				SDKROOT = iphoneos;
				SWIFT_ACTIVE_COMPILATION_CONDITIONS = "DEBUG $(inherited)";
				SWIFT_OPTIMIZATION_LEVEL = "-Onone";
			};
			name = Debug;
		};
		CA6879342C1DDD3B007866DA /* Release */ = {
			isa = XCBuildConfiguration;
			buildSettings = {
				ALWAYS_SEARCH_USER_PATHS = NO;
				ASSETCATALOG_COMPILER_GENERATE_SWIFT_ASSET_SYMBOL_EXTENSIONS = YES;
				CLANG_ANALYZER_NONNULL = YES;
				CLANG_ANALYZER_NUMBER_OBJECT_CONVERSION = YES_AGGRESSIVE;
				CLANG_CXX_LANGUAGE_STANDARD = "gnu++20";
				CLANG_ENABLE_MODULES = YES;
				CLANG_ENABLE_OBJC_ARC = YES;
				CLANG_ENABLE_OBJC_WEAK = YES;
				CLANG_WARN_BLOCK_CAPTURE_AUTORELEASING = YES;
				CLANG_WARN_BOOL_CONVERSION = YES;
				CLANG_WARN_COMMA = YES;
				CLANG_WARN_CONSTANT_CONVERSION = YES;
				CLANG_WARN_DEPRECATED_OBJC_IMPLEMENTATIONS = YES;
				CLANG_WARN_DIRECT_OBJC_ISA_USAGE = YES_ERROR;
				CLANG_WARN_DOCUMENTATION_COMMENTS = YES;
				CLANG_WARN_EMPTY_BODY = YES;
				CLANG_WARN_ENUM_CONVERSION = YES;
				CLANG_WARN_INFINITE_RECURSION = YES;
				CLANG_WARN_INT_CONVERSION = YES;
				CLANG_WARN_NON_LITERAL_NULL_CONVERSION = YES;
				CLANG_WARN_OBJC_IMPLICIT_RETAIN_SELF = YES;
				CLANG_WARN_OBJC_LITERAL_CONVERSION = YES;
				CLANG_WARN_OBJC_ROOT_CLASS = YES_ERROR;
				CLANG_WARN_QUOTED_INCLUDE_IN_FRAMEWORK_HEADER = YES;
				CLANG_WARN_RANGE_LOOP_ANALYSIS = YES;
				CLANG_WARN_STRICT_PROTOTYPES = YES;
				CLANG_WARN_SUSPICIOUS_MOVE = YES;
				CLANG_WARN_UNGUARDED_AVAILABILITY = YES_AGGRESSIVE;
				CLANG_WARN_UNREACHABLE_CODE = YES;
				CLANG_WARN__DUPLICATE_METHOD_MATCH = YES;
				COPY_PHASE_STRIP = NO;
				DEBUG_INFORMATION_FORMAT = "dwarf-with-dsym";
				ENABLE_NS_ASSERTIONS = NO;
				ENABLE_STRICT_OBJC_MSGSEND = YES;
				ENABLE_USER_SCRIPT_SANDBOXING = YES;
				GCC_C_LANGUAGE_STANDARD = gnu17;
				GCC_NO_COMMON_BLOCKS = YES;
				GCC_WARN_64_TO_32_BIT_CONVERSION = YES;
				GCC_WARN_ABOUT_RETURN_TYPE = YES_ERROR;
				GCC_WARN_UNDECLARED_SELECTOR = YES;
				GCC_WARN_UNINITIALIZED_AUTOS = YES_AGGRESSIVE;
				GCC_WARN_UNUSED_FUNCTION = YES;
				GCC_WARN_UNUSED_VARIABLE = YES;
				IPHONEOS_DEPLOYMENT_TARGET = 16.0;
				LOCALIZATION_PREFERS_STRING_CATALOGS = YES;
				MTL_ENABLE_DEBUG_INFO = NO;
				MTL_FAST_MATH = YES;
				SDKROOT = iphoneos;
				SWIFT_COMPILATION_MODE = wholemodule;
				VALIDATE_PRODUCT = YES;
			};
			name = Release;
		};
		CA6879362C1DDD3B007866DA /* Debug */ = {
			isa = XCBuildConfiguration;
			buildSettings = {
				ASSETCATALOG_COMPILER_APPICON_NAME = AppIcon;
				ASSETCATALOG_COMPILER_GLOBAL_ACCENT_COLOR_NAME = AccentColor;
				CODE_SIGN_STYLE = Automatic;
				CURRENT_PROJECT_VERSION = 5;
				DEVELOPMENT_ASSET_PATHS = "\"TeaGrowthTracker/Preview Content\"";
				DEVELOPMENT_TEAM = FSJ65THAK3;
				ENABLE_PREVIEWS = YES;
				GENERATE_INFOPLIST_FILE = YES;
				INFOPLIST_FILE = TeaGrowthTracker/Info.plist;
				INFOPLIST_KEY_CFBundleDisplayName = "茶園監控";
				INFOPLIST_KEY_NSCameraUsageDescription = "此應用程式需使用相機拍攝來辨識病蟲害";
				INFOPLIST_KEY_NSLocationWhenInUseUsageDescription = "需要您的位置來啟用地圖服務";
				INFOPLIST_KEY_UIApplicationSceneManifest_Generation = YES;
				INFOPLIST_KEY_UIApplicationSupportsIndirectInputEvents = YES;
				INFOPLIST_KEY_UILaunchStoryboardName = LaunchScreen.storyboard;
				INFOPLIST_KEY_UISupportedInterfaceOrientations = UIInterfaceOrientationPortrait;
				INFOPLIST_KEY_UISupportedInterfaceOrientations_iPad = "UIInterfaceOrientationLandscapeLeft UIInterfaceOrientationLandscapeRight UIInterfaceOrientationPortrait UIInterfaceOrientationPortraitUpsideDown";
				IPHONEOS_DEPLOYMENT_TARGET = 17.0;
				LD_RUNPATH_SEARCH_PATHS = (
					"$(inherited)",
					"@executable_path/Frameworks",
				);
				MARKETING_VERSION = 1.0;
				PRODUCT_BUNDLE_IDENTIFIER = yuxnzs.TeaGrowthTracker;
				PRODUCT_NAME = "$(TARGET_NAME)";
				SWIFT_EMIT_LOC_STRINGS = YES;
				SWIFT_VERSION = 5.0;
				TARGETED_DEVICE_FAMILY = "1,2";
			};
			name = Debug;
		};
		CA6879372C1DDD3B007866DA /* Release */ = {
			isa = XCBuildConfiguration;
			buildSettings = {
				ASSETCATALOG_COMPILER_APPICON_NAME = AppIcon;
				ASSETCATALOG_COMPILER_GLOBAL_ACCENT_COLOR_NAME = AccentColor;
				CODE_SIGN_STYLE = Automatic;
				CURRENT_PROJECT_VERSION = 5;
				DEVELOPMENT_ASSET_PATHS = "\"TeaGrowthTracker/Preview Content\"";
				DEVELOPMENT_TEAM = FSJ65THAK3;
				ENABLE_PREVIEWS = YES;
				GENERATE_INFOPLIST_FILE = YES;
				INFOPLIST_FILE = TeaGrowthTracker/Info.plist;
				INFOPLIST_KEY_CFBundleDisplayName = "茶園監控";
				INFOPLIST_KEY_NSCameraUsageDescription = "此應用程式需使用相機拍攝來辨識病蟲害";
				INFOPLIST_KEY_NSLocationWhenInUseUsageDescription = "需要您的位置來啟用地圖服務";
				INFOPLIST_KEY_UIApplicationSceneManifest_Generation = YES;
				INFOPLIST_KEY_UIApplicationSupportsIndirectInputEvents = YES;
				INFOPLIST_KEY_UILaunchStoryboardName = LaunchScreen.storyboard;
				INFOPLIST_KEY_UISupportedInterfaceOrientations = UIInterfaceOrientationPortrait;
				INFOPLIST_KEY_UISupportedInterfaceOrientations_iPad = "UIInterfaceOrientationLandscapeLeft UIInterfaceOrientationLandscapeRight UIInterfaceOrientationPortrait UIInterfaceOrientationPortraitUpsideDown";
				IPHONEOS_DEPLOYMENT_TARGET = 17.0;
				LD_RUNPATH_SEARCH_PATHS = (
					"$(inherited)",
					"@executable_path/Frameworks",
				);
				MARKETING_VERSION = 1.0;
				PRODUCT_BUNDLE_IDENTIFIER = yuxnzs.TeaGrowthTracker;
				PRODUCT_NAME = "$(TARGET_NAME)";
				SWIFT_EMIT_LOC_STRINGS = YES;
				SWIFT_VERSION = 5.0;
				TARGETED_DEVICE_FAMILY = "1,2";
			};
			name = Release;
		};
/* End XCBuildConfiguration section */

/* Begin XCConfigurationList section */
		CA6879222C1DDD38007866DA /* Build configuration list for PBXProject "TeaGrowthTracker" */ = {
			isa = XCConfigurationList;
			buildConfigurations = (
				CA6879332C1DDD3B007866DA /* Debug */,
				CA6879342C1DDD3B007866DA /* Release */,
			);
			defaultConfigurationIsVisible = 0;
			defaultConfigurationName = Release;
		};
		CA6879352C1DDD3B007866DA /* Build configuration list for PBXNativeTarget "TeaGrowthTracker" */ = {
			isa = XCConfigurationList;
			buildConfigurations = (
				CA6879362C1DDD3B007866DA /* Debug */,
				CA6879372C1DDD3B007866DA /* Release */,
			);
			defaultConfigurationIsVisible = 0;
			defaultConfigurationName = Release;
		};
/* End XCConfigurationList section */

/* Begin XCRemoteSwiftPackageReference section */
		CA3FC0D22CB98A2E0086E5D9 /* XCRemoteSwiftPackageReference "SDWebImageSwiftUI" */ = {
			isa = XCRemoteSwiftPackageReference;
			repositoryURL = "https://github.com/SDWebImage/SDWebImageSwiftUI";
			requirement = {
				kind = exactVersion;
				version = 3.1.1;
			};
		};
/* End XCRemoteSwiftPackageReference section */

/* Begin XCSwiftPackageProductDependency section */
		CA3FC0D32CB98A2E0086E5D9 /* SDWebImageSwiftUI */ = {
			isa = XCSwiftPackageProductDependency;
			package = CA3FC0D22CB98A2E0086E5D9 /* XCRemoteSwiftPackageReference "SDWebImageSwiftUI" */;
			productName = SDWebImageSwiftUI;
		};
/* End XCSwiftPackageProductDependency section */
	};
	rootObject = CA68791F2C1DDD38007866DA /* Project object */;
}
